
Microsoft Visual Studio Solution File, Format Version 12.00
# Visual Studio Version 17
VisualStudioVersion = 17.3.32901.215
MinimumVisualStudioVersion = 10.0.40219.1
Project("{FAE04EC0-301F-11D3-BF4B-00C04F79EFBC}") = "bot", "bot\bot.csproj", "{90E541BB-8027-42BC-B75E-FC6F04482DEA}"
EndProject
Global
	GlobalSection(SolutionConfigurationPlatforms) = preSolution
		Debug|Any CPU = Debug|Any CPU
		Release|Any CPU = Release|Any CPU
	EndGlobalSection
	GlobalSection(ProjectConfigurationPlatforms) = postSolution
		{90E541BB-8027-42BC-B75E-FC6F04482DEA}.Debug|Any CPU.ActiveCfg = Debug|Any CPU
		{90E541BB-8027-42BC-B75E-FC6F04482DEA}.Debug|Any CPU.Build.0 = Debug|Any CPU
		{90E541BB-8027-42BC-B75E-FC6F04482DEA}.Release|Any CPU.ActiveCfg = Release|Any CPU
		{90E541BB-8027-42BC-B75E-FC6F04482DEA}.Release|Any CPU.Build.0 = Release|Any CPU
	EndGlobalSection
	GlobalSection(SolutionProperties) = preSolution
		HideSolutionNode = FALSE
	EndGlobalSection
	GlobalSection(ExtensibilityGlobals) = postSolution
		SolutionGuid = {A04A5DB7-3579-4F3B-9F70-B1A6FD048DB9}
	EndGlobalSection
EndGlobal
